// !$*UTF8*$!
{
	archiveVersion = 1;
	classes = {
	};
	objectVersion = 55;
	objects = {

/* Begin PBXBuildFile section */
		784F35839AA86A6ED5F26996 /* Pods_Will_API.framework in Frameworks */ = {isa = PBXBuildFile; fileRef = F52AD16AF6100DF7841232B7 /* Pods_Will_API.framework */; };
		FA281BD42B7A304B00EDB7CF /* image-2.png in Resources */ = {isa = PBXBuildFile; fileRef = FA281BD22B7A304B00EDB7CF /* image-2.png */; };
		FA281BD52B7A304B00EDB7CF /* image-1.png in Resources */ = {isa = PBXBuildFile; fileRef = FA281BD32B7A304B00EDB7CF /* image-1.png */; };
		FA281BD72B7A30A300EDB7CF /* README.md in Resources */ = {isa = PBXBuildFile; fileRef = FA281BD62B7A30A300EDB7CF /* README.md */; };
		FA4D12652B769B0700448420 /* AppDelegate.swift in Sources */ = {isa = PBXBuildFile; fileRef = FA4D12642B769B0700448420 /* AppDelegate.swift */; };
		FA4D12672B769B0700448420 /* SceneDelegate.swift in Sources */ = {isa = PBXBuildFile; fileRef = FA4D12662B769B0700448420 /* SceneDelegate.swift */; };
		FA4D126C2B769B0700448420 /* Main.storyboard in Resources */ = {isa = PBXBuildFile; fileRef = FA4D126A2B769B0700448420 /* Main.storyboard */; };
		FA4D126E2B769B0900448420 /* Assets.xcassets in Resources */ = {isa = PBXBuildFile; fileRef = FA4D126D2B769B0900448420 /* Assets.xcassets */; };
		FA4D12712B769B0900448420 /* LaunchScreen.storyboard in Resources */ = {isa = PBXBuildFile; fileRef = FA4D126F2B769B0900448420 /* LaunchScreen.storyboard */; };
		FA4D12842B769B6400448420 /* HomeVC.swift in Sources */ = {isa = PBXBuildFile; fileRef = FA4D12832B769B6400448420 /* HomeVC.swift */; };
		FA4D12862B769C4700448420 /* APIManager.swift in Sources */ = {isa = PBXBuildFile; fileRef = FA4D12852B769C4700448420 /* APIManager.swift */; };
		FA4D12882B769CCB00448420 /* PostsModel.swift in Sources */ = {isa = PBXBuildFile; fileRef = FA4D12872B769CCB00448420 /* PostsModel.swift */; };
		FA4D128B2B76A02E00448420 /* PostTableViewCell.swift in Sources */ = {isa = PBXBuildFile; fileRef = FA4D12892B76A02E00448420 /* PostTableViewCell.swift */; };
		FA4D128C2B76A02E00448420 /* PostTableViewCell.xib in Resources */ = {isa = PBXBuildFile; fileRef = FA4D128A2B76A02E00448420 /* PostTableViewCell.xib */; };
		FA4D12922B77868800448420 /* PostVC.swift in Sources */ = {isa = PBXBuildFile; fileRef = FA4D12912B77868800448420 /* PostVC.swift */; };
		FA4D12942B778A8E00448420 /* CommentsModel.swift in Sources */ = {isa = PBXBuildFile; fileRef = FA4D12932B778A8E00448420 /* CommentsModel.swift */; };
		FA4D12972B778C5700448420 /* CommentsTableViewCell.swift in Sources */ = {isa = PBXBuildFile; fileRef = FA4D12952B778C5700448420 /* CommentsTableViewCell.swift */; };
		FA4D12982B778C5700448420 /* CommentsTableViewCell.xib in Resources */ = {isa = PBXBuildFile; fileRef = FA4D12962B778C5700448420 /* CommentsTableViewCell.xib */; };
/* End PBXBuildFile section */

/* Begin PBXFileReference section */
		07F25EE6D994988FD2ABA7A1 /* Pods-Will API.release.xcconfig */ = {isa = PBXFileReference; includeInIndex = 1; lastKnownFileType = text.xcconfig; name = "Pods-Will API.release.xcconfig"; path = "Target Support Files/Pods-Will API/Pods-Will API.release.xcconfig"; sourceTree = "<group>"; };
		5D859EE3F54BF825A5CBE67C /* Pods-Will API.debug.xcconfig */ = {isa = PBXFileReference; includeInIndex = 1; lastKnownFileType = text.xcconfig; name = "Pods-Will API.debug.xcconfig"; path = "Target Support Files/Pods-Will API/Pods-Will API.debug.xcconfig"; sourceTree = "<group>"; };
		F52AD16AF6100DF7841232B7 /* Pods_Will_API.framework */ = {isa = PBXFileReference; explicitFileType = wrapper.framework; includeInIndex = 0; path = Pods_Will_API.framework; sourceTree = BUILT_PRODUCTS_DIR; };
		FA281BD22B7A304B00EDB7CF /* image-2.png */ = {isa = PBXFileReference; lastKnownFileType = image.png; path = "image-2.png"; sourceTree = "<group>"; };
		FA281BD32B7A304B00EDB7CF /* image-1.png */ = {isa = PBXFileReference; lastKnownFileType = image.png; path = "image-1.png"; sourceTree = "<group>"; };
		FA281BD62B7A30A300EDB7CF /* README.md */ = {isa = PBXFileReference; lastKnownFileType = net.daringfireball.markdown; path = README.md; sourceTree = "<group>"; };
		FA4D12612B769B0700448420 /* Will API.app */ = {isa = PBXFileReference; explicitFileType = wrapper.application; includeInIndex = 0; path = "Will API.app"; sourceTree = BUILT_PRODUCTS_DIR; };
		FA4D12642B769B0700448420 /* AppDelegate.swift */ = {isa = PBXFileReference; lastKnownFileType = sourcecode.swift; path = AppDelegate.swift; sourceTree = "<group>"; };
		FA4D12662B769B0700448420 /* SceneDelegate.swift */ = {isa = PBXFileReference; lastKnownFileType = sourcecode.swift; path = SceneDelegate.swift; sourceTree = "<group>"; };
		FA4D126B2B769B0700448420 /* Base */ = {isa = PBXFileReference; lastKnownFileType = file.storyboard; name = Base; path = Base.lproj/Main.storyboard; sourceTree = "<group>"; };
		FA4D126D2B769B0900448420 /* Assets.xcassets */ = {isa = PBXFileReference; lastKnownFileType = folder.assetcatalog; path = Assets.xcassets; sourceTree = "<group>"; };
		FA4D12702B769B0900448420 /* Base */ = {isa = PBXFileReference; lastKnownFileType = file.storyboard; name = Base; path = Base.lproj/LaunchScreen.storyboard; sourceTree = "<group>"; };
		FA4D12722B769B0900448420 /* Info.plist */ = {isa = PBXFileReference; lastKnownFileType = text.plist.xml; path = Info.plist; sourceTree = "<group>"; };
		FA4D12832B769B6400448420 /* HomeVC.swift */ = {isa = PBXFileReference; lastKnownFileType = sourcecode.swift; path = HomeVC.swift; sourceTree = "<group>"; };
		FA4D12852B769C4700448420 /* APIManager.swift */ = {isa = PBXFileReference; lastKnownFileType = sourcecode.swift; path = APIManager.swift; sourceTree = "<group>"; };
		FA4D12872B769CCB00448420 /* PostsModel.swift */ = {isa = PBXFileReference; lastKnownFileType = sourcecode.swift; path = PostsModel.swift; sourceTree = "<group>"; };
		FA4D12892B76A02E00448420 /* PostTableViewCell.swift */ = {isa = PBXFileReference; lastKnownFileType = sourcecode.swift; path = PostTableViewCell.swift; sourceTree = "<group>"; };
		FA4D128A2B76A02E00448420 /* PostTableViewCell.xib */ = {isa = PBXFileReference; lastKnownFileType = file.xib; path = PostTableViewCell.xib; sourceTree = "<group>"; };
		FA4D12912B77868800448420 /* PostVC.swift */ = {isa = PBXFileReference; lastKnownFileType = sourcecode.swift; path = PostVC.swift; sourceTree = "<group>"; };
		FA4D12932B778A8E00448420 /* CommentsModel.swift */ = {isa = PBXFileReference; lastKnownFileType = sourcecode.swift; path = CommentsModel.swift; sourceTree = "<group>"; };
		FA4D12952B778C5700448420 /* CommentsTableViewCell.swift */ = {isa = PBXFileReference; lastKnownFileType = sourcecode.swift; path = CommentsTableViewCell.swift; sourceTree = "<group>"; };
		FA4D12962B778C5700448420 /* CommentsTableViewCell.xib */ = {isa = PBXFileReference; lastKnownFileType = file.xib; path = CommentsTableViewCell.xib; sourceTree = "<group>"; };
/* End PBXFileReference section */

/* Begin PBXFrameworksBuildPhase section */
		FA4D125E2B769B0700448420 /* Frameworks */ = {
			isa = PBXFrameworksBuildPhase;
			buildActionMask = 2147483647;
			files = (
				784F35839AA86A6ED5F26996 /* Pods_Will_API.framework in Frameworks */,
			);
			runOnlyForDeploymentPostprocessing = 0;
		};
/* End PBXFrameworksBuildPhase section */

/* Begin PBXGroup section */
		A3E63D37943D7AACE37BEA59 /* Pods */ = {
			isa = PBXGroup;
			children = (
				5D859EE3F54BF825A5CBE67C /* Pods-Will API.debug.xcconfig */,
				07F25EE6D994988FD2ABA7A1 /* Pods-Will API.release.xcconfig */,
			);
			path = Pods;
			sourceTree = "<group>";
		};
		BE6A9B7FDBB0E30A8B9CE975 /* Frameworks */ = {
			isa = PBXGroup;
			children = (
				F52AD16AF6100DF7841232B7 /* Pods_Will_API.framework */,
			);
			name = Frameworks;
			sourceTree = "<group>";
		};
		FA4D12582B769B0700448420 = {
			isa = PBXGroup;
			children = (
				FA281BD62B7A30A300EDB7CF /* README.md */,
				FA281BD32B7A304B00EDB7CF /* image-1.png */,
				FA281BD22B7A304B00EDB7CF /* image-2.png */,
				FA4D12632B769B0700448420 /* Will API */,
				FA4D12622B769B0700448420 /* Products */,
				A3E63D37943D7AACE37BEA59 /* Pods */,
				BE6A9B7FDBB0E30A8B9CE975 /* Frameworks */,
			);
			sourceTree = "<group>";
		};
		FA4D12622B769B0700448420 /* Products */ = {
			isa = PBXGroup;
			children = (
				FA4D12612B769B0700448420 /* Will API.app */,
			);
			name = Products;
			sourceTree = "<group>";
		};
		FA4D12632B769B0700448420 /* Will API */ = {
			isa = PBXGroup;
			children = (
				FA4D12782B769B2100448420 /* Application */,
				FA4D12802B769B2100448420 /* Constant */,
				FA4D12822B769B2200448420 /* Extensions */,
				FA4D12722B769B0900448420 /* Info.plist */,
				FA4D127F2B769B2100448420 /* Managers */,
				FA4D12812B769B2200448420 /* Resources */,
				FA4D12792B769B2100448420 /* Screens */,
				FA4D127E2B769B2100448420 /* Storyboard */,
			);
			path = "Will API";
			sourceTree = "<group>";
		};
		FA4D12782B769B2100448420 /* Application */ = {
			isa = PBXGroup;
			children = (
				FA4D12642B769B0700448420 /* AppDelegate.swift */,
				FA4D12662B769B0700448420 /* SceneDelegate.swift */,
			);
			path = Application;
			sourceTree = "<group>";
		};
		FA4D12792B769B2100448420 /* Screens */ = {
			isa = PBXGroup;
			children = (
				FA4D128D2B77864300448420 /* Post */,
				FA4D127A2B769B2100448420 /* Home */,
			);
			path = Screens;
			sourceTree = "<group>";
		};
		FA4D127A2B769B2100448420 /* Home */ = {
			isa = PBXGroup;
			children = (
				FA4D127B2B769B2100448420 /* Controller */,
				FA4D127C2B769B2100448420 /* Model */,
				FA4D127D2B769B2100448420 /* View */,
			);
			path = Home;
			sourceTree = "<group>";
		};
		FA4D127B2B769B2100448420 /* Controller */ = {
			isa = PBXGroup;
			children = (
				FA4D12832B769B6400448420 /* HomeVC.swift */,
			);
			path = Controller;
			sourceTree = "<group>";
		};
		FA4D127C2B769B2100448420 /* Model */ = {
			isa = PBXGroup;
			children = (
			);
			path = Model;
			sourceTree = "<group>";
		};
		FA4D127D2B769B2100448420 /* View */ = {
			isa = PBXGroup;
			children = (
				FA4D12892B76A02E00448420 /* PostTableViewCell.swift */,
				FA4D128A2B76A02E00448420 /* PostTableViewCell.xib */,
			);
			path = View;
			sourceTree = "<group>";
		};
		FA4D127E2B769B2100448420 /* Storyboard */ = {
			isa = PBXGroup;
			children = (
				FA4D126A2B769B0700448420 /* Main.storyboard */,
				FA4D126F2B769B0900448420 /* LaunchScreen.storyboard */,
			);
			path = Storyboard;
			sourceTree = "<group>";
		};
		FA4D127F2B769B2100448420 /* Managers */ = {
			isa = PBXGroup;
			children = (
				FA4D12852B769C4700448420 /* APIManager.swift */,
			);
			path = Managers;
			sourceTree = "<group>";
		};
		FA4D12802B769B2100448420 /* Constant */ = {
			isa = PBXGroup;
			children = (
				FA4D12872B769CCB00448420 /* PostsModel.swift */,
				FA4D12932B778A8E00448420 /* CommentsModel.swift */,
			);
			path = Constant;
			sourceTree = "<group>";
		};
		FA4D12812B769B2200448420 /* Resources */ = {
			isa = PBXGroup;
			children = (
				FA4D126D2B769B0900448420 /* Assets.xcassets */,
			);
			path = Resources;
			sourceTree = "<group>";
		};
		FA4D12822B769B2200448420 /* Extensions */ = {
			isa = PBXGroup;
			children = (
			);
			path = Extensions;
			sourceTree = "<group>";
		};
		FA4D128D2B77864300448420 /* Post */ = {
			isa = PBXGroup;
			children = (
				FA4D128E2B77865F00448420 /* Controller */,
				FA4D12902B77867200448420 /* Model */,
				FA4D128F2B77866B00448420 /* View */,
			);
			path = Post;
			sourceTree = "<group>";
		};
		FA4D128E2B77865F00448420 /* Controller */ = {
			isa = PBXGroup;
			children = (
				FA4D12912B77868800448420 /* PostVC.swift */,
			);
			path = Controller;
			sourceTree = "<group>";
		};
		FA4D128F2B77866B00448420 /* View */ = {
			isa = PBXGroup;
			children = (
				FA4D12952B778C5700448420 /* CommentsTableViewCell.swift */,
				FA4D12962B778C5700448420 /* CommentsTableViewCell.xib */,
			);
			path = View;
			sourceTree = "<group>";
		};
		FA4D12902B77867200448420 /* Model */ = {
			isa = PBXGroup;
			children = (
			);
			path = Model;
			sourceTree = "<group>";
		};
/* End PBXGroup section */

/* Begin PBXNativeTarget section */
		FA4D12602B769B0700448420 /* Will API */ = {
			isa = PBXNativeTarget;
			buildConfigurationList = FA4D12752B769B0900448420 /* Build configuration list for PBXNativeTarget "Will API" */;
			buildPhases = (
				FA50365E94602C50D6DB38D8 /* [CP] Check Pods Manifest.lock */,
				FA4D125D2B769B0700448420 /* Sources */,
				FA4D125E2B769B0700448420 /* Frameworks */,
				FA4D125F2B769B0700448420 /* Resources */,
				BD7EB75BD3DD457AB020412E /* [CP] Embed Pods Frameworks */,
			);
			buildRules = (
			);
			dependencies = (
			);
			name = "Will API";
			productName = "Will API";
			productReference = FA4D12612B769B0700448420 /* Will API.app */;
			productType = "com.apple.product-type.application";
		};
/* End PBXNativeTarget section */

/* Begin PBXProject section */
		FA4D12592B769B0700448420 /* Project object */ = {
			isa = PBXProject;
			attributes = {
				BuildIndependentTargetsInParallel = 1;
				LastSwiftUpdateCheck = 1320;
				LastUpgradeCheck = 1320;
				TargetAttributes = {
					FA4D12602B769B0700448420 = {
						CreatedOnToolsVersion = 13.2.1;
					};
				};
			};
			buildConfigurationList = FA4D125C2B769B0700448420 /* Build configuration list for PBXProject "Will API" */;
			compatibilityVersion = "Xcode 13.0";
			developmentRegion = en;
			hasScannedForEncodings = 0;
			knownRegions = (
				en,
				Base,
			);
			mainGroup = FA4D12582B769B0700448420;
			productRefGroup = FA4D12622B769B0700448420 /* Products */;
			projectDirPath = "";
			projectRoot = "";
			targets = (
				FA4D12602B769B0700448420 /* Will API */,
			);
		};
/* End PBXProject section */

/* Begin PBXResourcesBuildPhase section */
		FA4D125F2B769B0700448420 /* Resources */ = {
			isa = PBXResourcesBuildPhase;
			buildActionMask = 2147483647;
			files = (
				FA4D12712B769B0900448420 /* LaunchScreen.storyboard in Resources */,
				FA4D126E2B769B0900448420 /* Assets.xcassets in Resources */,
				FA281BD42B7A304B00EDB7CF /* image-2.png in Resources */,
				FA4D126C2B769B0700448420 /* Main.storyboard in Resources */,
				FA4D128C2B76A02E00448420 /* PostTableViewCell.xib in Resources */,
				FA281BD52B7A304B00EDB7CF /* image-1.png in Resources */,
				FA281BD72B7A30A300EDB7CF /* README.md in Resources */,
				FA4D12982B778C5700448420 /* CommentsTableViewCell.xib in Resources */,
			);
			runOnlyForDeploymentPostprocessing = 0;
		};
/* End PBXResourcesBuildPhase section */

/* Begin PBXShellScriptBuildPhase section */
		BD7EB75BD3DD457AB020412E /* [CP] Embed Pods Frameworks */ = {
			isa = PBXShellScriptBuildPhase;
			buildActionMask = 2147483647;
			files = (
			);
			inputFileListPaths = (
				"${PODS_ROOT}/Target Support Files/Pods-Will API/Pods-Will API-frameworks-${CONFIGURATION}-input-files.xcfilelist",
			);
			name = "[CP] Embed Pods Frameworks";
			outputFileListPaths = (
				"${PODS_ROOT}/Target Support Files/Pods-Will API/Pods-Will API-frameworks-${CONFIGURATION}-output-files.xcfilelist",
			);
			runOnlyForDeploymentPostprocessing = 0;
			shellPath = /bin/sh;
			shellScript = "\"${PODS_ROOT}/Target Support Files/Pods-Will API/Pods-Will API-frameworks.sh\"\n";
			showEnvVarsInLog = 0;
		};
		FA50365E94602C50D6DB38D8 /* [CP] Check Pods Manifest.lock */ = {
			isa = PBXShellScriptBuildPhase;
			buildActionMask = 2147483647;
			files = (
			);
			inputFileListPaths = (
			);
			inputPaths = (
				"${PODS_PODFILE_DIR_PATH}/Podfile.lock",
				"${PODS_ROOT}/Manifest.lock",
			);
			name = "[CP] Check Pods Manifest.lock";
			outputFileListPaths = (
			);
			outputPaths = (
				"$(DERIVED_FILE_DIR)/Pods-Will API-checkManifestLockResult.txt",
			);
			runOnlyForDeploymentPostprocessing = 0;
			shellPath = /bin/sh;
			shellScript = "diff \"${PODS_PODFILE_DIR_PATH}/Podfile.lock\" \"${PODS_ROOT}/Manifest.lock\" > /dev/null\nif [ $? != 0 ] ; then\n    # print error to STDERR\n    echo \"error: The sandbox is not in sync with the Podfile.lock. Run 'pod install' or update your CocoaPods installation.\" >&2\n    exit 1\nfi\n# This output is used by Xcode 'outputs' to avoid re-running this script phase.\necho \"SUCCESS\" > \"${SCRIPT_OUTPUT_FILE_0}\"\n";
			showEnvVarsInLog = 0;
		};
/* End PBXShellScriptBuildPhase section */

/* Begin PBXSourcesBuildPhase section */
		FA4D125D2B769B0700448420 /* Sources */ = {
			isa = PBXSourcesBuildPhase;
			buildActionMask = 2147483647;
			files = (
				FA4D12862B769C4700448420 /* APIManager.swift in Sources */,
				FA4D12842B769B6400448420 /* HomeVC.swift in Sources */,
				FA4D12652B769B0700448420 /* AppDelegate.swift in Sources */,
				FA4D12882B769CCB00448420 /* PostsModel.swift in Sources */,
				FA4D12922B77868800448420 /* PostVC.swift in Sources */,
				FA4D12942B778A8E00448420 /* CommentsModel.swift in Sources */,
				FA4D12672B769B0700448420 /* SceneDelegate.swift in Sources */,
				FA4D12972B778C5700448420 /* CommentsTableViewCell.swift in Sources */,
				FA4D128B2B76A02E00448420 /* PostTableViewCell.swift in Sources */,
			);
			runOnlyForDeploymentPostprocessing = 0;
		};
/* End PBXSourcesBuildPhase section */

/* Begin PBXVariantGroup section */
		FA4D126A2B769B0700448420 /* Main.storyboard */ = {
			isa = PBXVariantGroup;
			children = (
				FA4D126B2B769B0700448420 /* Base */,
			);
			name = Main.storyboard;
			sourceTree = "<group>";
		};
		FA4D126F2B769B0900448420 /* LaunchScreen.storyboard */ = {
			isa = PBXVariantGroup;
			children = (
				FA4D12702B769B0900448420 /* Base */,
			);
			name = LaunchScreen.storyboard;
			sourceTree = "<group>";
		};
/* End PBXVariantGroup section */

/* Begin XCBuildConfiguration section */
		FA4D12732B769B0900448420 /* Debug */ = {
			isa = XCBuildConfiguration;
			buildSettings = {
				ALWAYS_SEARCH_USER_PATHS = NO;
				CLANG_ANALYZER_NONNULL = YES;
				CLANG_ANALYZER_NUMBER_OBJECT_CONVERSION = YES_AGGRESSIVE;
				CLANG_CXX_LANGUAGE_STANDARD = "gnu++17";
				CLANG_CXX_LIBRARY = "libc++";
				CLANG_ENABLE_MODULES = YES;
				CLANG_ENABLE_OBJC_ARC = YES;
				CLANG_ENABLE_OBJC_WEAK = YES;
				CLANG_WARN_BLOCK_CAPTURE_AUTORELEASING = YES;
				CLANG_WARN_BOOL_CONVERSION = YES;
				CLANG_WARN_COMMA = YES;
				CLANG_WARN_CONSTANT_CONVERSION = YES;
				CLANG_WARN_DEPRECATED_OBJC_IMPLEMENTATIONS = YES;
				CLANG_WARN_DIRECT_OBJC_ISA_USAGE = YES_ERROR;
				CLANG_WARN_DOCUMENTATION_COMMENTS = YES;
				CLANG_WARN_EMPTY_BODY = YES;
				CLANG_WARN_ENUM_CONVERSION = YES;
				CLANG_WARN_INFINITE_RECURSION = YES;
				CLANG_WARN_INT_CONVERSION = YES;
				CLANG_WARN_NON_LITERAL_NULL_CONVERSION = YES;
				CLANG_WARN_OBJC_IMPLICIT_RETAIN_SELF = YES;
				CLANG_WARN_OBJC_LITERAL_CONVERSION = YES;
				CLANG_WARN_OBJC_ROOT_CLASS = YES_ERROR;
				CLANG_WARN_QUOTED_INCLUDE_IN_FRAMEWORK_HEADER = YES;
				CLANG_WARN_RANGE_LOOP_ANALYSIS = YES;
				CLANG_WARN_STRICT_PROTOTYPES = YES;
				CLANG_WARN_SUSPICIOUS_MOVE = YES;
				CLANG_WARN_UNGUARDED_AVAILABILITY = YES_AGGRESSIVE;
				CLANG_WARN_UNREACHABLE_CODE = YES;
				CLANG_WARN__DUPLICATE_METHOD_MATCH = YES;
				COPY_PHASE_STRIP = NO;
				DEBUG_INFORMATION_FORMAT = dwarf;
				ENABLE_STRICT_OBJC_MSGSEND = YES;
				ENABLE_TESTABILITY = YES;
				GCC_C_LANGUAGE_STANDARD = gnu11;
				GCC_DYNAMIC_NO_PIC = NO;
				GCC_NO_COMMON_BLOCKS = YES;
				GCC_OPTIMIZATION_LEVEL = 0;
				GCC_PREPROCESSOR_DEFINITIONS = (
					"DEBUG=1",
					"$(inherited)",
				);
				GCC_WARN_64_TO_32_BIT_CONVERSION = YES;
				GCC_WARN_ABOUT_RETURN_TYPE = YES_ERROR;
				GCC_WARN_UNDECLARED_SELECTOR = YES;
				GCC_WARN_UNINITIALIZED_AUTOS = YES_AGGRESSIVE;
				GCC_WARN_UNUSED_FUNCTION = YES;
				GCC_WARN_UNUSED_VARIABLE = YES;
				IPHONEOS_DEPLOYMENT_TARGET = 15.2;
				MTL_ENABLE_DEBUG_INFO = INCLUDE_SOURCE;
				MTL_FAST_MATH = YES;
				ONLY_ACTIVE_ARCH = YES;
				SDKROOT = iphoneos;
				SWIFT_ACTIVE_COMPILATION_CONDITIONS = DEBUG;
				SWIFT_OPTIMIZATION_LEVEL = "-Onone";
			};
			name = Debug;
		};
		FA4D12742B769B0900448420 /* Release */ = {
			isa = XCBuildConfiguration;
			buildSettings = {
				ALWAYS_SEARCH_USER_PATHS = NO;
				CLANG_ANALYZER_NONNULL = YES;
				CLANG_ANALYZER_NUMBER_OBJECT_CONVERSION = YES_AGGRESSIVE;
				CLANG_CXX_LANGUAGE_STANDARD = "gnu++17";
				CLANG_CXX_LIBRARY = "libc++";
				CLANG_ENABLE_MODULES = YES;
				CLANG_ENABLE_OBJC_ARC = YES;
				CLANG_ENABLE_OBJC_WEAK = YES;
				CLANG_WARN_BLOCK_CAPTURE_AUTORELEASING = YES;
				CLANG_WARN_BOOL_CONVERSION = YES;
				CLANG_WARN_COMMA = YES;
				CLANG_WARN_CONSTANT_CONVERSION = YES;
				CLANG_WARN_DEPRECATED_OBJC_IMPLEMENTATIONS = YES;
				CLANG_WARN_DIRECT_OBJC_ISA_USAGE = YES_ERROR;
				CLANG_WARN_DOCUMENTATION_COMMENTS = YES;
				CLANG_WARN_EMPTY_BODY = YES;
				CLANG_WARN_ENUM_CONVERSION = YES;
				CLANG_WARN_INFINITE_RECURSION = YES;
				CLANG_WARN_INT_CONVERSION = YES;
				CLANG_WARN_NON_LITERAL_NULL_CONVERSION = YES;
				CLANG_WARN_OBJC_IMPLICIT_RETAIN_SELF = YES;
				CLANG_WARN_OBJC_LITERAL_CONVERSION = YES;
				CLANG_WARN_OBJC_ROOT_CLASS = YES_ERROR;
				CLANG_WARN_QUOTED_INCLUDE_IN_FRAMEWORK_HEADER = YES;
				CLANG_WARN_RANGE_LOOP_ANALYSIS = YES;
				CLANG_WARN_STRICT_PROTOTYPES = YES;
				CLANG_WARN_SUSPICIOUS_MOVE = YES;
				CLANG_WARN_UNGUARDED_AVAILABILITY = YES_AGGRESSIVE;
				CLANG_WARN_UNREACHABLE_CODE = YES;
				CLANG_WARN__DUPLICATE_METHOD_MATCH = YES;
				COPY_PHASE_STRIP = NO;
				DEBUG_INFORMATION_FORMAT = "dwarf-with-dsym";
				ENABLE_NS_ASSERTIONS = NO;
				ENABLE_STRICT_OBJC_MSGSEND = YES;
				GCC_C_LANGUAGE_STANDARD = gnu11;
				GCC_NO_COMMON_BLOCKS = YES;
				GCC_WARN_64_TO_32_BIT_CONVERSION = YES;
				GCC_WARN_ABOUT_RETURN_TYPE = YES_ERROR;
				GCC_WARN_UNDECLARED_SELECTOR = YES;
				GCC_WARN_UNINITIALIZED_AUTOS = YES_AGGRESSIVE;
				GCC_WARN_UNUSED_FUNCTION = YES;
				GCC_WARN_UNUSED_VARIABLE = YES;
				IPHONEOS_DEPLOYMENT_TARGET = 15.2;
				MTL_ENABLE_DEBUG_INFO = NO;
				MTL_FAST_MATH = YES;
				SDKROOT = iphoneos;
				SWIFT_COMPILATION_MODE = wholemodule;
				SWIFT_OPTIMIZATION_LEVEL = "-O";
				VALIDATE_PRODUCT = YES;
			};
			name = Release;
		};
		FA4D12762B769B0900448420 /* Debug */ = {
			isa = XCBuildConfiguration;
			baseConfigurationReference = 5D859EE3F54BF825A5CBE67C /* Pods-Will API.debug.xcconfig */;
			buildSettings = {
				ASSETCATALOG_COMPILER_APPICON_NAME = AppIcon;
				ASSETCATALOG_COMPILER_GLOBAL_ACCENT_COLOR_NAME = AccentColor;
				CODE_SIGN_STYLE = Automatic;
				CURRENT_PROJECT_VERSION = 1;
				DEVELOPMENT_TEAM = K6BJ9JXQPF;
				GENERATE_INFOPLIST_FILE = YES;
				INFOPLIST_FILE = "Will API/Info.plist";
				INFOPLIST_KEY_UIApplicationSupportsIndirectInputEvents = YES;
				INFOPLIST_KEY_UILaunchStoryboardName = LaunchScreen;
				INFOPLIST_KEY_UIMainStoryboardFile = Main;
				INFOPLIST_KEY_UISupportedInterfaceOrientations = UIInterfaceOrientationPortrait;
				INFOPLIST_KEY_UISupportedInterfaceOrientations_iPad = "UIInterfaceOrientationPortrait UIInterfaceOrientationPortraitUpsideDown UIInterfaceOrientationLandscapeLeft UIInterfaceOrientationLandscapeRight";
				INFOPLIST_KEY_UISupportedInterfaceOrientations_iPhone = "UIInterfaceOrientationPortrait UIInterfaceOrientationLandscapeLeft UIInterfaceOrientationLandscapeRight";
				LD_RUNPATH_SEARCH_PATHS = (
					"$(inherited)",
					"@executable_path/Frameworks",
				);
				MARKETING_VERSION = 1.0;
				PRODUCT_BUNDLE_IDENTIFIER = "com.systemsApp.Will-API";
				PRODUCT_NAME = "$(TARGET_NAME)";
				SWIFT_EMIT_LOC_STRINGS = YES;
				SWIFT_VERSION = 5.0;
				TARGETED_DEVICE_FAMILY = "1,2";
			};
			name = Debug;
		};
		FA4D12772B769B0900448420 /* Release */ = {
			isa = XCBuildConfiguration;
			baseConfigurationReference = 07F25EE6D994988FD2ABA7A1 /* Pods-Will API.release.xcconfig */;
			buildSettings = {
				ASSETCATALOG_COMPILER_APPICON_NAME = AppIcon;
				ASSETCATALOG_COMPILER_GLOBAL_ACCENT_COLOR_NAME = AccentColor;
				CODE_SIGN_STYLE = Automatic;
				CURRENT_PROJECT_VERSION = 1;
				DEVELOPMENT_TEAM = K6BJ9JXQPF;
				GENERATE_INFOPLIST_FILE = YES;
				INFOPLIST_FILE = "Will API/Info.plist";
				INFOPLIST_KEY_UIApplicationSupportsIndirectInputEvents = YES;
				INFOPLIST_KEY_UILaunchStoryboardName = LaunchScreen;
				INFOPLIST_KEY_UIMainStoryboardFile = Main;
				INFOPLIST_KEY_UISupportedInterfaceOrientations = UIInterfaceOrientationPortrait;
				INFOPLIST_KEY_UISupportedInterfaceOrientations_iPad = "UIInterfaceOrientationPortrait UIInterfaceOrientationPortraitUpsideDown UIInterfaceOrientationLandscapeLeft UIInterfaceOrientationLandscapeRight";
				INFOPLIST_KEY_UISupportedInterfaceOrientations_iPhone = "UIInterfaceOrientationPortrait UIInterfaceOrientationLandscapeLeft UIInterfaceOrientationLandscapeRight";
				LD_RUNPATH_SEARCH_PATHS = (
					"$(inherited)",
					"@executable_path/Frameworks",
				);
				MARKETING_VERSION = 1.0;
				PRODUCT_BUNDLE_IDENTIFIER = "com.systemsApp.Will-API";
				PRODUCT_NAME = "$(TARGET_NAME)";
				SWIFT_EMIT_LOC_STRINGS = YES;
				SWIFT_VERSION = 5.0;
				TARGETED_DEVICE_FAMILY = "1,2";
			};
			name = Release;
		};
/* End XCBuildConfiguration section */

/* Begin XCConfigurationList section */
		FA4D125C2B769B0700448420 /* Build configuration list for PBXProject "Will API" */ = {
			isa = XCConfigurationList;
			buildConfigurations = (
				FA4D12732B769B0900448420 /* Debug */,
				FA4D12742B769B0900448420 /* Release */,
			);
			defaultConfigurationIsVisible = 0;
			defaultConfigurationName = Release;
		};
		FA4D12752B769B0900448420 /* Build configuration list for PBXNativeTarget "Will API" */ = {
			isa = XCConfigurationList;
			buildConfigurations = (
				FA4D12762B769B0900448420 /* Debug */,
				FA4D12772B769B0900448420 /* Release */,
			);
			defaultConfigurationIsVisible = 0;
			defaultConfigurationName = Release;
		};
/* End XCConfigurationList section */
	};
	rootObject = FA4D12592B769B0700448420 /* Project object */;
}
